
Microsoft Visual Studio Solution File, Format Version 12.00
# Visual Studio Version 17
VisualStudioVersion = 17.11.35431.28
MinimumVisualStudioVersion = 10.0.40219.1
Project("{FAE04EC0-301F-11D3-BF4B-00C04F79EFBC}") = "AccessScheduler.Blazor", "AccessScheduler\AccessScheduler.Blazor.csproj", "{FC371E5C-275E-4123-B276-4314A65445E3}"
EndProject
Project("{2150E333-8FDC-42A3-9474-1A3956D46DE8}") = "src", "src", "{1555CD70-CDD1-4EB8-9D7C-59B9AA49438E}"
EndProject
Project("{2150E333-8FDC-42A3-9474-1A3956D46DE8}") = "tests", "tests", "{C7A19632-B515-4176-964A-714866062F12}"
EndProject
Project("{FAE04EC0-301F-11D3-BF4B-00C04F79EFBC}") = "AccessScheduler.Tests", "AccessScheduler.Tests\AccessScheduler.Tests.csproj", "{AA61B8F4-832E-4F6D-9606-AC534A54ECEB}"
EndProject
Project("{FAE04EC0-301F-11D3-BF4B-00C04F79EFBC}") = "AccessScheduler.API", "AccessScheduler.API\AccessScheduler.API.csproj", "{A17CF032-3E40-49A5-8AD1-FACCBDD8E1D4}"
EndProject
Project("{FAE04EC0-301F-11D3-BF4B-00C04F79EFBC}") = "AccessScheduler.Shared", "AccessScheduler.Shared\AccessScheduler.Shared.csproj", "{BE00C779-2EC7-402A-8546-BCF79548B2C2}"
EndProject
Global
	GlobalSection(SolutionConfigurationPlatforms) = preSolution
		Debug|Any CPU = Debug|Any CPU
		Release|Any CPU = Release|Any CPU
	EndGlobalSection
	GlobalSection(ProjectConfigurationPlatforms) = postSolution
		{FC371E5C-275E-4123-B276-4314A65445E3}.Debug|Any CPU.ActiveCfg = Debug|Any CPU
		{FC371E5C-275E-4123-B276-4314A65445E3}.Debug|Any CPU.Build.0 = Debug|Any CPU
		{FC371E5C-275E-4123-B276-4314A65445E3}.Release|Any CPU.ActiveCfg = Release|Any CPU
		{FC371E5C-275E-4123-B276-4314A65445E3}.Release|Any CPU.Build.0 = Release|Any CPU
		{AA61B8F4-832E-4F6D-9606-AC534A54ECEB}.Debug|Any CPU.ActiveCfg = Debug|Any CPU
		{AA61B8F4-832E-4F6D-9606-AC534A54ECEB}.Debug|Any CPU.Build.0 = Debug|Any CPU
		{AA61B8F4-832E-4F6D-9606-AC534A54ECEB}.Release|Any CPU.ActiveCfg = Release|Any CPU
		{AA61B8F4-832E-4F6D-9606-AC534A54ECEB}.Release|Any CPU.Build.0 = Release|Any CPU
		{A17CF032-3E40-49A5-8AD1-FACCBDD8E1D4}.Debug|Any CPU.ActiveCfg = Debug|Any CPU
		{A17CF032-3E40-49A5-8AD1-FACCBDD8E1D4}.Debug|Any CPU.Build.0 = Debug|Any CPU
		{A17CF032-3E40-49A5-8AD1-FACCBDD8E1D4}.Release|Any CPU.ActiveCfg = Release|Any CPU
		{A17CF032-3E40-49A5-8AD1-FACCBDD8E1D4}.Release|Any CPU.Build.0 = Release|Any CPU
		{BE00C779-2EC7-402A-8546-BCF79548B2C2}.Debug|Any CPU.ActiveCfg = Debug|Any CPU
		{BE00C779-2EC7-402A-8546-BCF79548B2C2}.Debug|Any CPU.Build.0 = Debug|Any CPU
		{BE00C779-2EC7-402A-8546-BCF79548B2C2}.Release|Any CPU.ActiveCfg = Release|Any CPU
		{BE00C779-2EC7-402A-8546-BCF79548B2C2}.Release|Any CPU.Build.0 = Release|Any CPU
	EndGlobalSection
	GlobalSection(SolutionProperties) = preSolution
		HideSolutionNode = FALSE
	EndGlobalSection
	GlobalSection(NestedProjects) = preSolution
		{FC371E5C-275E-4123-B276-4314A65445E3} = {1555CD70-CDD1-4EB8-9D7C-59B9AA49438E}
		{AA61B8F4-832E-4F6D-9606-AC534A54ECEB} = {C7A19632-B515-4176-964A-714866062F12}
		{A17CF032-3E40-49A5-8AD1-FACCBDD8E1D4} = {1555CD70-CDD1-4EB8-9D7C-59B9AA49438E}
		{BE00C779-2EC7-402A-8546-BCF79548B2C2} = {1555CD70-CDD1-4EB8-9D7C-59B9AA49438E}
	EndGlobalSection
	GlobalSection(ExtensibilityGlobals) = postSolution
		SolutionGuid = {2555A069-1D86-4339-8EE3-51E99645E791}
	EndGlobalSection
EndGlobal
